
Microsoft Visual Studio Solution File, Format Version 12.00
# Visual Studio 15
VisualStudioVersion = 15.0.27428.2015
MinimumVisualStudioVersion = 10.0.40219.1
Project("{FAE04EC0-301F-11D3-BF4B-00C04F79EFBC}") = "Converter.Web", "Converter.Web\Converter.Web.csproj", "{D07203F0-4471-485F-A5C1-0839517F38CC}"
EndProject
Project("{FAE04EC0-301F-11D3-BF4B-00C04F79EFBC}") = "Converter.Web.Tests", "Converter.Web.Tests\Converter.Web.Tests.csproj", "{AB0F7256-3246-4DDA-93F9-A1E2A8AE5197}"
EndProject
Project("{FAE04EC0-301F-11D3-BF4B-00C04F79EFBC}") = "Converter.Business", "Converter.Business\Converter.Business.csproj", "{C6844701-ACC4-4B3D-9799-EEF891D4737D}"
EndProject
Global
	GlobalSection(SolutionConfigurationPlatforms) = preSolution
		Debug|Any CPU = Debug|Any CPU
		Release|Any CPU = Release|Any CPU
	EndGlobalSection
	GlobalSection(ProjectConfigurationPlatforms) = postSolution
		{D07203F0-4471-485F-A5C1-0839517F38CC}.Debug|Any CPU.ActiveCfg = Debug|Any CPU
		{D07203F0-4471-485F-A5C1-0839517F38CC}.Debug|Any CPU.Build.0 = Debug|Any CPU
		{D07203F0-4471-485F-A5C1-0839517F38CC}.Release|Any CPU.ActiveCfg = Release|Any CPU
		{D07203F0-4471-485F-A5C1-0839517F38CC}.Release|Any CPU.Build.0 = Release|Any CPU
		{AB0F7256-3246-4DDA-93F9-A1E2A8AE5197}.Debug|Any CPU.ActiveCfg = Debug|Any CPU
		{AB0F7256-3246-4DDA-93F9-A1E2A8AE5197}.Debug|Any CPU.Build.0 = Debug|Any CPU
		{AB0F7256-3246-4DDA-93F9-A1E2A8AE5197}.Release|Any CPU.ActiveCfg = Release|Any CPU
		{AB0F7256-3246-4DDA-93F9-A1E2A8AE5197}.Release|Any CPU.Build.0 = Release|Any CPU
		{C6844701-ACC4-4B3D-9799-EEF891D4737D}.Debug|Any CPU.ActiveCfg = Debug|Any CPU
		{C6844701-ACC4-4B3D-9799-EEF891D4737D}.Debug|Any CPU.Build.0 = Debug|Any CPU
		{C6844701-ACC4-4B3D-9799-EEF891D4737D}.Release|Any CPU.ActiveCfg = Release|Any CPU
		{C6844701-ACC4-4B3D-9799-EEF891D4737D}.Release|Any CPU.Build.0 = Release|Any CPU
	EndGlobalSection
	GlobalSection(SolutionProperties) = preSolution
		HideSolutionNode = FALSE
	EndGlobalSection
	GlobalSection(ExtensibilityGlobals) = postSolution
		SolutionGuid = {266A984D-CA79-4E3E-A901-500710E07E30}
	EndGlobalSection
EndGlobal
